
Microsoft Visual Studio Solution File, Format Version 12.00
# Visual Studio 15
VisualStudioVersion = 15.0.27004.2009
MinimumVisualStudioVersion = 10.0.40219.1
Project("{FAE04EC0-301F-11D3-BF4B-00C04F79EFBC}") = "Parliament.OData.Api", "Parliament.OData.Api\Parliament.OData.Api.csproj", "{0F8B2758-A2A9-4930-A24A-9B04AEEBA69F}"
EndProject
Global
	GlobalSection(SolutionConfigurationPlatforms) = preSolution
		Debug|Any CPU = Debug|Any CPU
		Release|Any CPU = Release|Any CPU
	EndGlobalSection
	GlobalSection(ProjectConfigurationPlatforms) = postSolution
		{0F8B2758-A2A9-4930-A24A-9B04AEEBA69F}.Debug|Any CPU.ActiveCfg = Debug|Any CPU
		{0F8B2758-A2A9-4930-A24A-9B04AEEBA69F}.Debug|Any CPU.Build.0 = Debug|Any CPU
		{0F8B2758-A2A9-4930-A24A-9B04AEEBA69F}.Release|Any CPU.ActiveCfg = Release|Any CPU
		{0F8B2758-A2A9-4930-A24A-9B04AEEBA69F}.Release|Any CPU.Build.0 = Release|Any CPU
	EndGlobalSection
	GlobalSection(SolutionProperties) = preSolution
		HideSolutionNode = FALSE
	EndGlobalSection
	GlobalSection(ExtensibilityGlobals) = postSolution
		SolutionGuid = {EEEF0E3E-5E5A-4E50-AE2D-23CA39FBB579}
	EndGlobalSection
EndGlobal
